
Microsoft Visual Studio Solution File, Format Version 12.00
# Visual Studio 15
VisualStudioVersion = 15.0.27428.2037
MinimumVisualStudioVersion = 10.0.40219.1
Project("{FAE04EC0-301F-11D3-BF4B-00C04F79EFBC}") = "ExamQuestionGenerator", "ExamQuestionGenerator\ExamQuestionGenerator.csproj", "{84B1ABF1-D72A-4E25-A2A8-61D15F398F02}"
EndProject
Global
	GlobalSection(SolutionConfigurationPlatforms) = preSolution
		Debug|Any CPU = Debug|Any CPU
		Release|Any CPU = Release|Any CPU
	EndGlobalSection
	GlobalSection(ProjectConfigurationPlatforms) = postSolution
		{84B1ABF1-D72A-4E25-A2A8-61D15F398F02}.Debug|Any CPU.ActiveCfg = Debug|Any CPU
		{84B1ABF1-D72A-4E25-A2A8-61D15F398F02}.Debug|Any CPU.Build.0 = Debug|Any CPU
		{84B1ABF1-D72A-4E25-A2A8-61D15F398F02}.Release|Any CPU.ActiveCfg = Release|Any CPU
		{84B1ABF1-D72A-4E25-A2A8-61D15F398F02}.Release|Any CPU.Build.0 = Release|Any CPU
	EndGlobalSection
	GlobalSection(SolutionProperties) = preSolution
		HideSolutionNode = FALSE
	EndGlobalSection
	GlobalSection(ExtensibilityGlobals) = postSolution
		SolutionGuid = {F0ED98A8-A630-4EB9-ADBC-D5DBCD7C06D3}
	EndGlobalSection
EndGlobal
